
Microsoft Visual Studio Solution File, Format Version 12.00
# Visual Studio Version 16
VisualStudioVersion = 16.0.31515.178
MinimumVisualStudioVersion = 10.0.40219.1
Project("{888888A0-9F3D-457C-B088-3A5042F75D52}") = "InvoiceLineItem", "InvoiceLineItem.pyproj", "{2270F73B-58D8-4501-9E05-EF3EC7552370}"
EndProject
Global
	GlobalSection(SolutionConfigurationPlatforms) = preSolution
		Debug|Any CPU = Debug|Any CPU
		Release|Any CPU = Release|Any CPU
	EndGlobalSection
	GlobalSection(ProjectConfigurationPlatforms) = postSolution
		{2270F73B-58D8-4501-9E05-EF3EC7552370}.Debug|Any CPU.ActiveCfg = Debug|Any CPU
		{2270F73B-58D8-4501-9E05-EF3EC7552370}.Release|Any CPU.ActiveCfg = Release|Any CPU
	EndGlobalSection
	GlobalSection(SolutionProperties) = preSolution
		HideSolutionNode = FALSE
	EndGlobalSection
	GlobalSection(ExtensibilityGlobals) = postSolution
		SolutionGuid = {397AED0A-C8BF-49A7-9AEC-5D67175C9797}
	EndGlobalSection
EndGlobal
